
Microsoft Visual Studio Solution File, Format Version 12.00
# Visual Studio 14
VisualStudioVersion = 14.0.25420.1
MinimumVisualStudioVersion = 10.0.40219.1
Project("{FAE04EC0-301F-11D3-BF4B-00C04F79EFBC}") = "ImageFrame2", "ImageFrame2\ImageFrame2\ImageFrame2.csproj", "{BE03B197-0FEC-4B9C-A7F5-21ED854F6BDE}"
EndProject
Project("{FAE04EC0-301F-11D3-BF4B-00C04F79EFBC}") = "ImageFrame2.Droid", "ImageFrame2\ImageFrame2.Droid\ImageFrame2.Droid.csproj", "{6186763D-AA62-4538-82BE-CAC41256B9BB}"
EndProject
Project("{FAE04EC0-301F-11D3-BF4B-00C04F79EFBC}") = "ImageFrame2.iOS", "ImageFrame2\ImageFrame2.iOS\ImageFrame2.iOS.csproj", "{3DD91B8D-A8D9-44FA-B137-F18B56BC8196}"
EndProject
Project("{FAE04EC0-301F-11D3-BF4B-00C04F79EFBC}") = "ImageFrame2.WinPhone", "ImageFrame2\ImageFrame2.WinPhone\ImageFrame2.WinPhone.csproj", "{4F79A8BE-D597-469D-94CA-195BA5D1A2E9}"
EndProject
Project("{FAE04EC0-301F-11D3-BF4B-00C04F79EFBC}") = "ImageFrame2.UWP", "ImageFrame2\ImageFrame2.UWP\ImageFrame2.UWP.csproj", "{598DD22F-E64F-4062-A197-9A642B520D4C}"
EndProject
Project("{FAE04EC0-301F-11D3-BF4B-00C04F79EFBC}") = "ImageFrame2.Windows", "ImageFrame2\ImageFrame2.Windows\ImageFrame2.Windows.csproj", "{957BA1AE-70E3-4851-A1BF-63B2CDC080CF}"
EndProject
Global
	GlobalSection(SolutionConfigurationPlatforms) = preSolution
		Ad-Hoc|Any CPU = Ad-Hoc|Any CPU
		Ad-Hoc|ARM = Ad-Hoc|ARM
		Ad-Hoc|iPhone = Ad-Hoc|iPhone
		Ad-Hoc|iPhoneSimulator = Ad-Hoc|iPhoneSimulator
		Ad-Hoc|x64 = Ad-Hoc|x64
		Ad-Hoc|x86 = Ad-Hoc|x86
		AppStore|Any CPU = AppStore|Any CPU
		AppStore|ARM = AppStore|ARM
		AppStore|iPhone = AppStore|iPhone
		AppStore|iPhoneSimulator = AppStore|iPhoneSimulator
		AppStore|x64 = AppStore|x64
		AppStore|x86 = AppStore|x86
		Debug|Any CPU = Debug|Any CPU
		Debug|ARM = Debug|ARM
		Debug|iPhone = Debug|iPhone
		Debug|iPhoneSimulator = Debug|iPhoneSimulator
		Debug|x64 = Debug|x64
		Debug|x86 = Debug|x86
		Release|Any CPU = Release|Any CPU
		Release|ARM = Release|ARM
		Release|iPhone = Release|iPhone
		Release|iPhoneSimulator = Release|iPhoneSimulator
		Release|x64 = Release|x64
		Release|x86 = Release|x86
	EndGlobalSection
	GlobalSection(ProjectConfigurationPlatforms) = postSolution
		{BE03B197-0FEC-4B9C-A7F5-21ED854F6BDE}.Ad-Hoc|Any CPU.ActiveCfg = Release|Any CPU
		{BE03B197-0FEC-4B9C-A7F5-21ED854F6BDE}.Ad-Hoc|Any CPU.Build.0 = Release|Any CPU
		{BE03B197-0FEC-4B9C-A7F5-21ED854F6BDE}.Ad-Hoc|ARM.ActiveCfg = Release|Any CPU
		{BE03B197-0FEC-4B9C-A7F5-21ED854F6BDE}.Ad-Hoc|ARM.Build.0 = Release|Any CPU
		{BE03B197-0FEC-4B9C-A7F5-21ED854F6BDE}.Ad-Hoc|iPhone.ActiveCfg = Release|Any CPU
		{BE03B197-0FEC-4B9C-A7F5-21ED854F6BDE}.Ad-Hoc|iPhone.Build.0 = Release|Any CPU
		{BE03B197-0FEC-4B9C-A7F5-21ED854F6BDE}.Ad-Hoc|iPhoneSimulator.ActiveCfg = Release|Any CPU
		{BE03B197-0FEC-4B9C-A7F5-21ED854F6BDE}.Ad-Hoc|iPhoneSimulator.Build.0 = Release|Any CPU
		{BE03B197-0FEC-4B9C-A7F5-21ED854F6BDE}.Ad-Hoc|x64.ActiveCfg = Release|Any CPU
		{BE03B197-0FEC-4B9C-A7F5-21ED854F6BDE}.Ad-Hoc|x64.Build.0 = Release|Any CPU
		{BE03B197-0FEC-4B9C-A7F5-21ED854F6BDE}.Ad-Hoc|x86.ActiveCfg = Release|Any CPU
		{BE03B197-0FEC-4B9C-A7F5-21ED854F6BDE}.Ad-Hoc|x86.Build.0 = Release|Any CPU
		{BE03B197-0FEC-4B9C-A7F5-21ED854F6BDE}.AppStore|Any CPU.ActiveCfg = Release|Any CPU
		{BE03B197-0FEC-4B9C-A7F5-21ED854F6BDE}.AppStore|Any CPU.Build.0 = Release|Any CPU
		{BE03B197-0FEC-4B9C-A7F5-21ED854F6BDE}.AppStore|ARM.ActiveCfg = Release|Any CPU
		{BE03B197-0FEC-4B9C-A7F5-21ED854F6BDE}.AppStore|ARM.Build.0 = Release|Any CPU
		{BE03B197-0FEC-4B9C-A7F5-21ED854F6BDE}.AppStore|iPhone.ActiveCfg = Release|Any CPU
		{BE03B197-0FEC-4B9C-A7F5-21ED854F6BDE}.AppStore|iPhone.Build.0 = Release|Any CPU
		{BE03B197-0FEC-4B9C-A7F5-21ED854F6BDE}.AppStore|iPhoneSimulator.ActiveCfg = Release|Any CPU
		{BE03B197-0FEC-4B9C-A7F5-21ED854F6BDE}.AppStore|iPhoneSimulator.Build.0 = Release|Any CPU
		{BE03B197-0FEC-4B9C-A7F5-21ED854F6BDE}.AppStore|x64.ActiveCfg = Release|Any CPU
		{BE03B197-0FEC-4B9C-A7F5-21ED854F6BDE}.AppStore|x64.Build.0 = Release|Any CPU
		{BE03B197-0FEC-4B9C-A7F5-21ED854F6BDE}.AppStore|x86.ActiveCfg = Release|Any CPU
		{BE03B197-0FEC-4B9C-A7F5-21ED854F6BDE}.AppStore|x86.Build.0 = Release|Any CPU
		{BE03B197-0FEC-4B9C-A7F5-21ED854F6BDE}.Debug|Any CPU.ActiveCfg = Debug|Any CPU
		{BE03B197-0FEC-4B9C-A7F5-21ED854F6BDE}.Debug|Any CPU.Build.0 = Debug|Any CPU
		{BE03B197-0FEC-4B9C-A7F5-21ED854F6BDE}.Debug|ARM.ActiveCfg = Debug|Any CPU
		{BE03B197-0FEC-4B9C-A7F5-21ED854F6BDE}.Debug|ARM.Build.0 = Debug|Any CPU
		{BE03B197-0FEC-4B9C-A7F5-21ED854F6BDE}.Debug|iPhone.ActiveCfg = Debug|Any CPU
		{BE03B197-0FEC-4B9C-A7F5-21ED854F6BDE}.Debug|iPhone.Build.0 = Debug|Any CPU
		{BE03B197-0FEC-4B9C-A7F5-21ED854F6BDE}.Debug|iPhoneSimulator.ActiveCfg = Debug|Any CPU
		{BE03B197-0FEC-4B9C-A7F5-21ED854F6BDE}.Debug|iPhoneSimulator.Build.0 = Debug|Any CPU
		{BE03B197-0FEC-4B9C-A7F5-21ED854F6BDE}.Debug|x64.ActiveCfg = Debug|Any CPU
		{BE03B197-0FEC-4B9C-A7F5-21ED854F6BDE}.Debug|x64.Build.0 = Debug|Any CPU
		{BE03B197-0FEC-4B9C-A7F5-21ED854F6BDE}.Debug|x86.ActiveCfg = Debug|Any CPU
		{BE03B197-0FEC-4B9C-A7F5-21ED854F6BDE}.Debug|x86.Build.0 = Debug|Any CPU
		{BE03B197-0FEC-4B9C-A7F5-21ED854F6BDE}.Release|Any CPU.ActiveCfg = Release|Any CPU
		{BE03B197-0FEC-4B9C-A7F5-21ED854F6BDE}.Release|Any CPU.Build.0 = Release|Any CPU
		{BE03B197-0FEC-4B9C-A7F5-21ED854F6BDE}.Release|ARM.ActiveCfg = Release|Any CPU
		{BE03B197-0FEC-4B9C-A7F5-21ED854F6BDE}.Release|ARM.Build.0 = Release|Any CPU
		{BE03B197-0FEC-4B9C-A7F5-21ED854F6BDE}.Release|iPhone.ActiveCfg = Release|Any CPU
		{BE03B197-0FEC-4B9C-A7F5-21ED854F6BDE}.Release|iPhone.Build.0 = Release|Any CPU
		{BE03B197-0FEC-4B9C-A7F5-21ED854F6BDE}.Release|iPhoneSimulator.ActiveCfg = Release|Any CPU
		{BE03B197-0FEC-4B9C-A7F5-21ED854F6BDE}.Release|iPhoneSimulator.Build.0 = Release|Any CPU
		{BE03B197-0FEC-4B9C-A7F5-21ED854F6BDE}.Release|x64.ActiveCfg = Release|Any CPU
		{BE03B197-0FEC-4B9C-A7F5-21ED854F6BDE}.Release|x64.Build.0 = Release|Any CPU
		{BE03B197-0FEC-4B9C-A7F5-21ED854F6BDE}.Release|x86.ActiveCfg = Release|Any CPU
		{BE03B197-0FEC-4B9C-A7F5-21ED854F6BDE}.Release|x86.Build.0 = Release|Any CPU
		{6186763D-AA62-4538-82BE-CAC41256B9BB}.Ad-Hoc|Any CPU.ActiveCfg = Release|Any CPU
		{6186763D-AA62-4538-82BE-CAC41256B9BB}.Ad-Hoc|Any CPU.Build.0 = Release|Any CPU
		{6186763D-AA62-4538-82BE-CAC41256B9BB}.Ad-Hoc|Any CPU.Deploy.0 = Release|Any CPU
		{6186763D-AA62-4538-82BE-CAC41256B9BB}.Ad-Hoc|ARM.ActiveCfg = Release|Any CPU
		{6186763D-AA62-4538-82BE-CAC41256B9BB}.Ad-Hoc|ARM.Build.0 = Release|Any CPU
		{6186763D-AA62-4538-82BE-CAC41256B9BB}.Ad-Hoc|ARM.Deploy.0 = Release|Any CPU
		{6186763D-AA62-4538-82BE-CAC41256B9BB}.Ad-Hoc|iPhone.ActiveCfg = Release|Any CPU
		{6186763D-AA62-4538-82BE-CAC41256B9BB}.Ad-Hoc|iPhone.Build.0 = Release|Any CPU
		{6186763D-AA62-4538-82BE-CAC41256B9BB}.Ad-Hoc|iPhone.Deploy.0 = Release|Any CPU
		{6186763D-AA62-4538-82BE-CAC41256B9BB}.Ad-Hoc|iPhoneSimulator.ActiveCfg = Release|Any CPU
		{6186763D-AA62-4538-82BE-CAC41256B9BB}.Ad-Hoc|iPhoneSimulator.Build.0 = Release|Any CPU
		{6186763D-AA62-4538-82BE-CAC41256B9BB}.Ad-Hoc|iPhoneSimulator.Deploy.0 = Release|Any CPU
		{6186763D-AA62-4538-82BE-CAC41256B9BB}.Ad-Hoc|x64.ActiveCfg = Release|Any CPU
		{6186763D-AA62-4538-82BE-CAC41256B9BB}.Ad-Hoc|x64.Build.0 = Release|Any CPU
		{6186763D-AA62-4538-82BE-CAC41256B9BB}.Ad-Hoc|x64.Deploy.0 = Release|Any CPU
		{6186763D-AA62-4538-82BE-CAC41256B9BB}.Ad-Hoc|x86.ActiveCfg = Release|Any CPU
		{6186763D-AA62-4538-82BE-CAC41256B9BB}.Ad-Hoc|x86.Build.0 = Release|Any CPU
		{6186763D-AA62-4538-82BE-CAC41256B9BB}.Ad-Hoc|x86.Deploy.0 = Release|Any CPU
		{6186763D-AA62-4538-82BE-CAC41256B9BB}.AppStore|Any CPU.ActiveCfg = Release|Any CPU
		{6186763D-AA62-4538-82BE-CAC41256B9BB}.AppStore|Any CPU.Build.0 = Release|Any CPU
		{6186763D-AA62-4538-82BE-CAC41256B9BB}.AppStore|Any CPU.Deploy.0 = Release|Any CPU
		{6186763D-AA62-4538-82BE-CAC41256B9BB}.AppStore|ARM.ActiveCfg = Release|Any CPU
		{6186763D-AA62-4538-82BE-CAC41256B9BB}.AppStore|ARM.Build.0 = Release|Any CPU
		{6186763D-AA62-4538-82BE-CAC41256B9BB}.AppStore|ARM.Deploy.0 = Release|Any CPU
		{6186763D-AA62-4538-82BE-CAC41256B9BB}.AppStore|iPhone.ActiveCfg = Release|Any CPU
		{6186763D-AA62-4538-82BE-CAC41256B9BB}.AppStore|iPhone.Build.0 = Release|Any CPU
		{6186763D-AA62-4538-82BE-CAC41256B9BB}.AppStore|iPhone.Deploy.0 = Release|Any CPU
		{6186763D-AA62-4538-82BE-CAC41256B9BB}.AppStore|iPhoneSimulator.ActiveCfg = Release|Any CPU
		{6186763D-AA62-4538-82BE-CAC41256B9BB}.AppStore|iPhoneSimulator.Build.0 = Release|Any CPU
		{6186763D-AA62-4538-82BE-CAC41256B9BB}.AppStore|iPhoneSimulator.Deploy.0 = Release|Any CPU
		{6186763D-AA62-4538-82BE-CAC41256B9BB}.AppStore|x64.ActiveCfg = Release|Any CPU
		{6186763D-AA62-4538-82BE-CAC41256B9BB}.AppStore|x64.Build.0 = Release|Any CPU
		{6186763D-AA62-4538-82BE-CAC41256B9BB}.AppStore|x64.Deploy.0 = Release|Any CPU
		{6186763D-AA62-4538-82BE-CAC41256B9BB}.AppStore|x86.ActiveCfg = Release|Any CPU
		{6186763D-AA62-4538-82BE-CAC41256B9BB}.AppStore|x86.Build.0 = Release|Any CPU
		{6186763D-AA62-4538-82BE-CAC41256B9BB}.AppStore|x86.Deploy.0 = Release|Any CPU
		{6186763D-AA62-4538-82BE-CAC41256B9BB}.Debug|Any CPU.ActiveCfg = Debug|Any CPU
		{6186763D-AA62-4538-82BE-CAC41256B9BB}.Debug|Any CPU.Build.0 = Debug|Any CPU
		{6186763D-AA62-4538-82BE-CAC41256B9BB}.Debug|Any CPU.Deploy.0 = Debug|Any CPU
		{6186763D-AA62-4538-82BE-CAC41256B9BB}.Debug|ARM.ActiveCfg = Debug|Any CPU
		{6186763D-AA62-4538-82BE-CAC41256B9BB}.Debug|ARM.Build.0 = Debug|Any CPU
		{6186763D-AA62-4538-82BE-CAC41256B9BB}.Debug|ARM.Deploy.0 = Debug|Any CPU
		{6186763D-AA62-4538-82BE-CAC41256B9BB}.Debug|iPhone.ActiveCfg = Debug|Any CPU
		{6186763D-AA62-4538-82BE-CAC41256B9BB}.Debug|iPhone.Build.0 = Debug|Any CPU
		{6186763D-AA62-4538-82BE-CAC41256B9BB}.Debug|iPhone.Deploy.0 = Debug|Any CPU
		{6186763D-AA62-4538-82BE-CAC41256B9BB}.Debug|iPhoneSimulator.ActiveCfg = Debug|Any CPU
		{6186763D-AA62-4538-82BE-CAC41256B9BB}.Debug|iPhoneSimulator.Build.0 = Debug|Any CPU
		{6186763D-AA62-4538-82BE-CAC41256B9BB}.Debug|iPhoneSimulator.Deploy.0 = Debug|Any CPU
		{6186763D-AA62-4538-82BE-CAC41256B9BB}.Debug|x64.ActiveCfg = Debug|Any CPU
		{6186763D-AA62-4538-82BE-CAC41256B9BB}.Debug|x64.Build.0 = Debug|Any CPU
		{6186763D-AA62-4538-82BE-CAC41256B9BB}.Debug|x64.Deploy.0 = Debug|Any CPU
		{6186763D-AA62-4538-82BE-CAC41256B9BB}.Debug|x86.ActiveCfg = Debug|Any CPU
		{6186763D-AA62-4538-82BE-CAC41256B9BB}.Debug|x86.Build.0 = Debug|Any CPU
		{6186763D-AA62-4538-82BE-CAC41256B9BB}.Debug|x86.Deploy.0 = Debug|Any CPU
		{6186763D-AA62-4538-82BE-CAC41256B9BB}.Release|Any CPU.ActiveCfg = Release|Any CPU
		{6186763D-AA62-4538-82BE-CAC41256B9BB}.Release|Any CPU.Build.0 = Release|Any CPU
		{6186763D-AA62-4538-82BE-CAC41256B9BB}.Release|Any CPU.Deploy.0 = Release|Any CPU
		{6186763D-AA62-4538-82BE-CAC41256B9BB}.Release|ARM.ActiveCfg = Release|Any CPU
		{6186763D-AA62-4538-82BE-CAC41256B9BB}.Release|ARM.Build.0 = Release|Any CPU
		{6186763D-AA62-4538-82BE-CAC41256B9BB}.Release|ARM.Deploy.0 = Release|Any CPU
		{6186763D-AA62-4538-82BE-CAC41256B9BB}.Release|iPhone.ActiveCfg = Release|Any CPU
		{6186763D-AA62-4538-82BE-CAC41256B9BB}.Release|iPhone.Build.0 = Release|Any CPU
		{6186763D-AA62-4538-82BE-CAC41256B9BB}.Release|iPhone.Deploy.0 = Release|Any CPU
		{6186763D-AA62-4538-82BE-CAC41256B9BB}.Release|iPhoneSimulator.ActiveCfg = Release|Any CPU
		{6186763D-AA62-4538-82BE-CAC41256B9BB}.Release|iPhoneSimulator.Build.0 = Release|Any CPU
		{6186763D-AA62-4538-82BE-CAC41256B9BB}.Release|iPhoneSimulator.Deploy.0 = Release|Any CPU
		{6186763D-AA62-4538-82BE-CAC41256B9BB}.Release|x64.ActiveCfg = Release|Any CPU
		{6186763D-AA62-4538-82BE-CAC41256B9BB}.Release|x64.Build.0 = Release|Any CPU
		{6186763D-AA62-4538-82BE-CAC41256B9BB}.Release|x64.Deploy.0 = Release|Any CPU
		{6186763D-AA62-4538-82BE-CAC41256B9BB}.Release|x86.ActiveCfg = Release|Any CPU
		{6186763D-AA62-4538-82BE-CAC41256B9BB}.Release|x86.Build.0 = Release|Any CPU
		{6186763D-AA62-4538-82BE-CAC41256B9BB}.Release|x86.Deploy.0 = Release|Any CPU
		{3DD91B8D-A8D9-44FA-B137-F18B56BC8196}.Ad-Hoc|Any CPU.ActiveCfg = Ad-Hoc|iPhone
		{3DD91B8D-A8D9-44FA-B137-F18B56BC8196}.Ad-Hoc|ARM.ActiveCfg = Ad-Hoc|iPhone
		{3DD91B8D-A8D9-44FA-B137-F18B56BC8196}.Ad-Hoc|iPhone.ActiveCfg = Ad-Hoc|iPhone
		{3DD91B8D-A8D9-44FA-B137-F18B56BC8196}.Ad-Hoc|iPhone.Build.0 = Ad-Hoc|iPhone
		{3DD91B8D-A8D9-44FA-B137-F18B56BC8196}.Ad-Hoc|iPhoneSimulator.ActiveCfg = Ad-Hoc|iPhoneSimulator
		{3DD91B8D-A8D9-44FA-B137-F18B56BC8196}.Ad-Hoc|iPhoneSimulator.Build.0 = Ad-Hoc|iPhoneSimulator
		{3DD91B8D-A8D9-44FA-B137-F18B56BC8196}.Ad-Hoc|x64.ActiveCfg = Ad-Hoc|iPhone
		{3DD91B8D-A8D9-44FA-B137-F18B56BC8196}.Ad-Hoc|x86.ActiveCfg = Ad-Hoc|iPhone
		{3DD91B8D-A8D9-44FA-B137-F18B56BC8196}.AppStore|Any CPU.ActiveCfg = AppStore|iPhone
		{3DD91B8D-A8D9-44FA-B137-F18B56BC8196}.AppStore|ARM.ActiveCfg = AppStore|iPhone
		{3DD91B8D-A8D9-44FA-B137-F18B56BC8196}.AppStore|iPhone.ActiveCfg = AppStore|iPhone
		{3DD91B8D-A8D9-44FA-B137-F18B56BC8196}.AppStore|iPhone.Build.0 = AppStore|iPhone
		{3DD91B8D-A8D9-44FA-B137-F18B56BC8196}.AppStore|iPhoneSimulator.ActiveCfg = AppStore|iPhoneSimulator
		{3DD91B8D-A8D9-44FA-B137-F18B56BC8196}.AppStore|iPhoneSimulator.Build.0 = AppStore|iPhoneSimulator
		{3DD91B8D-A8D9-44FA-B137-F18B56BC8196}.AppStore|x64.ActiveCfg = AppStore|iPhone
		{3DD91B8D-A8D9-44FA-B137-F18B56BC8196}.AppStore|x86.ActiveCfg = AppStore|iPhone
		{3DD91B8D-A8D9-44FA-B137-F18B56BC8196}.Debug|Any CPU.ActiveCfg = Debug|iPhone
		{3DD91B8D-A8D9-44FA-B137-F18B56BC8196}.Debug|ARM.ActiveCfg = Debug|iPhone
		{3DD91B8D-A8D9-44FA-B137-F18B56BC8196}.Debug|iPhone.ActiveCfg = Debug|iPhone
		{3DD91B8D-A8D9-44FA-B137-F18B56BC8196}.Debug|iPhone.Build.0 = Debug|iPhone
		{3DD91B8D-A8D9-44FA-B137-F18B56BC8196}.Debug|iPhoneSimulator.ActiveCfg = Debug|iPhoneSimulator
		{3DD91B8D-A8D9-44FA-B137-F18B56BC8196}.Debug|iPhoneSimulator.Build.0 = Debug|iPhoneSimulator
		{3DD91B8D-A8D9-44FA-B137-F18B56BC8196}.Debug|x64.ActiveCfg = Debug|iPhone
		{3DD91B8D-A8D9-44FA-B137-F18B56BC8196}.Debug|x86.ActiveCfg = Debug|iPhone
		{3DD91B8D-A8D9-44FA-B137-F18B56BC8196}.Release|Any CPU.ActiveCfg = Release|iPhone
		{3DD91B8D-A8D9-44FA-B137-F18B56BC8196}.Release|ARM.ActiveCfg = Release|iPhone
		{3DD91B8D-A8D9-44FA-B137-F18B56BC8196}.Release|iPhone.ActiveCfg = Release|iPhone
		{3DD91B8D-A8D9-44FA-B137-F18B56BC8196}.Release|iPhone.Build.0 = Release|iPhone
		{3DD91B8D-A8D9-44FA-B137-F18B56BC8196}.Release|iPhoneSimulator.ActiveCfg = Release|iPhoneSimulator
		{3DD91B8D-A8D9-44FA-B137-F18B56BC8196}.Release|iPhoneSimulator.Build.0 = Release|iPhoneSimulator
		{3DD91B8D-A8D9-44FA-B137-F18B56BC8196}.Release|x64.ActiveCfg = Release|iPhone
		{3DD91B8D-A8D9-44FA-B137-F18B56BC8196}.Release|x86.ActiveCfg = Release|iPhone
		{4F79A8BE-D597-469D-94CA-195BA5D1A2E9}.Ad-Hoc|Any CPU.ActiveCfg = Release|Any CPU
		{4F79A8BE-D597-469D-94CA-195BA5D1A2E9}.Ad-Hoc|Any CPU.Build.0 = Release|Any CPU
		{4F79A8BE-D597-469D-94CA-195BA5D1A2E9}.Ad-Hoc|Any CPU.Deploy.0 = Release|Any CPU
		{4F79A8BE-D597-469D-94CA-195BA5D1A2E9}.Ad-Hoc|ARM.ActiveCfg = Release|ARM
		{4F79A8BE-D597-469D-94CA-195BA5D1A2E9}.Ad-Hoc|ARM.Build.0 = Release|ARM
		{4F79A8BE-D597-469D-94CA-195BA5D1A2E9}.Ad-Hoc|ARM.Deploy.0 = Release|ARM
		{4F79A8BE-D597-469D-94CA-195BA5D1A2E9}.Ad-Hoc|iPhone.ActiveCfg = Release|Any CPU
		{4F79A8BE-D597-469D-94CA-195BA5D1A2E9}.Ad-Hoc|iPhone.Build.0 = Release|Any CPU
		{4F79A8BE-D597-469D-94CA-195BA5D1A2E9}.Ad-Hoc|iPhone.Deploy.0 = Release|Any CPU
		{4F79A8BE-D597-469D-94CA-195BA5D1A2E9}.Ad-Hoc|iPhoneSimulator.ActiveCfg = Release|Any CPU
		{4F79A8BE-D597-469D-94CA-195BA5D1A2E9}.Ad-Hoc|iPhoneSimulator.Build.0 = Release|Any CPU
		{4F79A8BE-D597-469D-94CA-195BA5D1A2E9}.Ad-Hoc|iPhoneSimulator.Deploy.0 = Release|Any CPU
		{4F79A8BE-D597-469D-94CA-195BA5D1A2E9}.Ad-Hoc|x64.ActiveCfg = Release|Any CPU
		{4F79A8BE-D597-469D-94CA-195BA5D1A2E9}.Ad-Hoc|x64.Build.0 = Release|Any CPU
		{4F79A8BE-D597-469D-94CA-195BA5D1A2E9}.Ad-Hoc|x64.Deploy.0 = Release|Any CPU
		{4F79A8BE-D597-469D-94CA-195BA5D1A2E9}.Ad-Hoc|x86.ActiveCfg = Release|x86
		{4F79A8BE-D597-469D-94CA-195BA5D1A2E9}.Ad-Hoc|x86.Build.0 = Release|x86
		{4F79A8BE-D597-469D-94CA-195BA5D1A2E9}.Ad-Hoc|x86.Deploy.0 = Release|x86
		{4F79A8BE-D597-469D-94CA-195BA5D1A2E9}.AppStore|Any CPU.ActiveCfg = Release|Any CPU
		{4F79A8BE-D597-469D-94CA-195BA5D1A2E9}.AppStore|Any CPU.Build.0 = Release|Any CPU
		{4F79A8BE-D597-469D-94CA-195BA5D1A2E9}.AppStore|Any CPU.Deploy.0 = Release|Any CPU
		{4F79A8BE-D597-469D-94CA-195BA5D1A2E9}.AppStore|ARM.ActiveCfg = Release|ARM
		{4F79A8BE-D597-469D-94CA-195BA5D1A2E9}.AppStore|ARM.Build.0 = Release|ARM
		{4F79A8BE-D597-469D-94CA-195BA5D1A2E9}.AppStore|ARM.Deploy.0 = Release|ARM
		{4F79A8BE-D597-469D-94CA-195BA5D1A2E9}.AppStore|iPhone.ActiveCfg = Release|Any CPU
		{4F79A8BE-D597-469D-94CA-195BA5D1A2E9}.AppStore|iPhone.Build.0 = Release|Any CPU
		{4F79A8BE-D597-469D-94CA-195BA5D1A2E9}.AppStore|iPhone.Deploy.0 = Release|Any CPU
		{4F79A8BE-D597-469D-94CA-195BA5D1A2E9}.AppStore|iPhoneSimulator.ActiveCfg = Release|Any CPU
		{4F79A8BE-D597-469D-94CA-195BA5D1A2E9}.AppStore|iPhoneSimulator.Build.0 = Release|Any CPU
		{4F79A8BE-D597-469D-94CA-195BA5D1A2E9}.AppStore|iPhoneSimulator.Deploy.0 = Release|Any CPU
		{4F79A8BE-D597-469D-94CA-195BA5D1A2E9}.AppStore|x64.ActiveCfg = Release|Any CPU
		{4F79A8BE-D597-469D-94CA-195BA5D1A2E9}.AppStore|x64.Build.0 = Release|Any CPU
		{4F79A8BE-D597-469D-94CA-195BA5D1A2E9}.AppStore|x64.Deploy.0 = Release|Any CPU
		{4F79A8BE-D597-469D-94CA-195BA5D1A2E9}.AppStore|x86.ActiveCfg = Release|x86
		{4F79A8BE-D597-469D-94CA-195BA5D1A2E9}.AppStore|x86.Build.0 = Release|x86
		{4F79A8BE-D597-469D-94CA-195BA5D1A2E9}.AppStore|x86.Deploy.0 = Release|x86
		{4F79A8BE-D597-469D-94CA-195BA5D1A2E9}.Debug|Any CPU.ActiveCfg = Debug|Any CPU
		{4F79A8BE-D597-469D-94CA-195BA5D1A2E9}.Debug|Any CPU.Build.0 = Debug|Any CPU
		{4F79A8BE-D597-469D-94CA-195BA5D1A2E9}.Debug|Any CPU.Deploy.0 = Debug|Any CPU
		{4F79A8BE-D597-469D-94CA-195BA5D1A2E9}.Debug|ARM.ActiveCfg = Debug|ARM
		{4F79A8BE-D597-469D-94CA-195BA5D1A2E9}.Debug|ARM.Build.0 = Debug|ARM
		{4F79A8BE-D597-469D-94CA-195BA5D1A2E9}.Debug|ARM.Deploy.0 = Debug|ARM
		{4F79A8BE-D597-469D-94CA-195BA5D1A2E9}.Debug|iPhone.ActiveCfg = Debug|Any CPU
		{4F79A8BE-D597-469D-94CA-195BA5D1A2E9}.Debug|iPhone.Build.0 = Debug|Any CPU
		{4F79A8BE-D597-469D-94CA-195BA5D1A2E9}.Debug|iPhone.Deploy.0 = Debug|Any CPU
		{4F79A8BE-D597-469D-94CA-195BA5D1A2E9}.Debug|iPhoneSimulator.ActiveCfg = Debug|Any CPU
		{4F79A8BE-D597-469D-94CA-195BA5D1A2E9}.Debug|iPhoneSimulator.Build.0 = Debug|Any CPU
		{4F79A8BE-D597-469D-94CA-195BA5D1A2E9}.Debug|iPhoneSimulator.Deploy.0 = Debug|Any CPU
		{4F79A8BE-D597-469D-94CA-195BA5D1A2E9}.Debug|x64.ActiveCfg = Debug|Any CPU
		{4F79A8BE-D597-469D-94CA-195BA5D1A2E9}.Debug|x64.Build.0 = Debug|Any CPU
		{4F79A8BE-D597-469D-94CA-195BA5D1A2E9}.Debug|x64.Deploy.0 = Debug|Any CPU
		{4F79A8BE-D597-469D-94CA-195BA5D1A2E9}.Debug|x86.ActiveCfg = Debug|x86
		{4F79A8BE-D597-469D-94CA-195BA5D1A2E9}.Debug|x86.Build.0 = Debug|x86
		{4F79A8BE-D597-469D-94CA-195BA5D1A2E9}.Debug|x86.Deploy.0 = Debug|x86
		{4F79A8BE-D597-469D-94CA-195BA5D1A2E9}.Release|Any CPU.ActiveCfg = Release|Any CPU
		{4F79A8BE-D597-469D-94CA-195BA5D1A2E9}.Release|Any CPU.Build.0 = Release|Any CPU
		{4F79A8BE-D597-469D-94CA-195BA5D1A2E9}.Release|Any CPU.Deploy.0 = Release|Any CPU
		{4F79A8BE-D597-469D-94CA-195BA5D1A2E9}.Release|ARM.ActiveCfg = Release|ARM
		{4F79A8BE-D597-469D-94CA-195BA5D1A2E9}.Release|ARM.Build.0 = Release|ARM
		{4F79A8BE-D597-469D-94CA-195BA5D1A2E9}.Release|ARM.Deploy.0 = Release|ARM
		{4F79A8BE-D597-469D-94CA-195BA5D1A2E9}.Release|iPhone.ActiveCfg = Release|Any CPU
		{4F79A8BE-D597-469D-94CA-195BA5D1A2E9}.Release|iPhone.Build.0 = Release|Any CPU
		{4F79A8BE-D597-469D-94CA-195BA5D1A2E9}.Release|iPhone.Deploy.0 = Release|Any CPU
		{4F79A8BE-D597-469D-94CA-195BA5D1A2E9}.Release|iPhoneSimulator.ActiveCfg = Release|Any CPU
		{4F79A8BE-D597-469D-94CA-195BA5D1A2E9}.Release|iPhoneSimulator.Build.0 = Release|Any CPU
		{4F79A8BE-D597-469D-94CA-195BA5D1A2E9}.Release|iPhoneSimulator.Deploy.0 = Release|Any CPU
		{4F79A8BE-D597-469D-94CA-195BA5D1A2E9}.Release|x64.ActiveCfg = Release|Any CPU
		{4F79A8BE-D597-469D-94CA-195BA5D1A2E9}.Release|x64.Build.0 = Release|Any CPU
		{4F79A8BE-D597-469D-94CA-195BA5D1A2E9}.Release|x64.Deploy.0 = Release|Any CPU
		{4F79A8BE-D597-469D-94CA-195BA5D1A2E9}.Release|x86.ActiveCfg = Release|x86
		{4F79A8BE-D597-469D-94CA-195BA5D1A2E9}.Release|x86.Build.0 = Release|x86
		{4F79A8BE-D597-469D-94CA-195BA5D1A2E9}.Release|x86.Deploy.0 = Release|x86
		{598DD22F-E64F-4062-A197-9A642B520D4C}.Ad-Hoc|Any CPU.ActiveCfg = Release|x86
		{598DD22F-E64F-4062-A197-9A642B520D4C}.Ad-Hoc|Any CPU.Build.0 = Release|x86
		{598DD22F-E64F-4062-A197-9A642B520D4C}.Ad-Hoc|Any CPU.Deploy.0 = Release|x86
		{598DD22F-E64F-4062-A197-9A642B520D4C}.Ad-Hoc|ARM.ActiveCfg = Release|ARM
		{598DD22F-E64F-4062-A197-9A642B520D4C}.Ad-Hoc|ARM.Build.0 = Release|ARM
		{598DD22F-E64F-4062-A197-9A642B520D4C}.Ad-Hoc|ARM.Deploy.0 = Release|ARM
		{598DD22F-E64F-4062-A197-9A642B520D4C}.Ad-Hoc|iPhone.ActiveCfg = Release|x86
		{598DD22F-E64F-4062-A197-9A642B520D4C}.Ad-Hoc|iPhone.Build.0 = Release|x86
		{598DD22F-E64F-4062-A197-9A642B520D4C}.Ad-Hoc|iPhone.Deploy.0 = Release|x86
		{598DD22F-E64F-4062-A197-9A642B520D4C}.Ad-Hoc|iPhoneSimulator.ActiveCfg = Release|x86
		{598DD22F-E64F-4062-A197-9A642B520D4C}.Ad-Hoc|iPhoneSimulator.Build.0 = Release|x86
		{598DD22F-E64F-4062-A197-9A642B520D4C}.Ad-Hoc|iPhoneSimulator.Deploy.0 = Release|x86
		{598DD22F-E64F-4062-A197-9A642B520D4C}.Ad-Hoc|x64.ActiveCfg = Release|x64
		{598DD22F-E64F-4062-A197-9A642B520D4C}.Ad-Hoc|x64.Build.0 = Release|x64
		{598DD22F-E64F-4062-A197-9A642B520D4C}.Ad-Hoc|x64.Deploy.0 = Release|x64
		{598DD22F-E64F-4062-A197-9A642B520D4C}.Ad-Hoc|x86.ActiveCfg = Release|x86
		{598DD22F-E64F-4062-A197-9A642B520D4C}.Ad-Hoc|x86.Build.0 = Release|x86
		{598DD22F-E64F-4062-A197-9A642B520D4C}.Ad-Hoc|x86.Deploy.0 = Release|x86
		{598DD22F-E64F-4062-A197-9A642B520D4C}.AppStore|Any CPU.ActiveCfg = Release|x86
		{598DD22F-E64F-4062-A197-9A642B520D4C}.AppStore|Any CPU.Build.0 = Release|x86
		{598DD22F-E64F-4062-A197-9A642B520D4C}.AppStore|Any CPU.Deploy.0 = Release|x86
		{598DD22F-E64F-4062-A197-9A642B520D4C}.AppStore|ARM.ActiveCfg = Release|ARM
		{598DD22F-E64F-4062-A197-9A642B520D4C}.AppStore|ARM.Build.0 = Release|ARM
		{598DD22F-E64F-4062-A197-9A642B520D4C}.AppStore|ARM.Deploy.0 = Release|ARM
		{598DD22F-E64F-4062-A197-9A642B520D4C}.AppStore|iPhone.ActiveCfg = Release|x86
		{598DD22F-E64F-4062-A197-9A642B520D4C}.AppStore|iPhone.Build.0 = Release|x86
		{598DD22F-E64F-4062-A197-9A642B520D4C}.AppStore|iPhone.Deploy.0 = Release|x86
		{598DD22F-E64F-4062-A197-9A642B520D4C}.AppStore|iPhoneSimulator.ActiveCfg = Release|x86
		{598DD22F-E64F-4062-A197-9A642B520D4C}.AppStore|iPhoneSimulator.Build.0 = Release|x86
		{598DD22F-E64F-4062-A197-9A642B520D4C}.AppStore|iPhoneSimulator.Deploy.0 = Release|x86
		{598DD22F-E64F-4062-A197-9A642B520D4C}.AppStore|x64.ActiveCfg = Release|x64
		{598DD22F-E64F-4062-A197-9A642B520D4C}.AppStore|x64.Build.0 = Release|x64
		{598DD22F-E64F-4062-A197-9A642B520D4C}.AppStore|x64.Deploy.0 = Release|x64
		{598DD22F-E64F-4062-A197-9A642B520D4C}.AppStore|x86.ActiveCfg = Release|x86
		{598DD22F-E64F-4062-A197-9A642B520D4C}.AppStore|x86.Build.0 = Release|x86
		{598DD22F-E64F-4062-A197-9A642B520D4C}.AppStore|x86.Deploy.0 = Release|x86
		{598DD22F-E64F-4062-A197-9A642B520D4C}.Debug|Any CPU.ActiveCfg = Debug|x86
		{598DD22F-E64F-4062-A197-9A642B520D4C}.Debug|ARM.ActiveCfg = Debug|ARM
		{598DD22F-E64F-4062-A197-9A642B520D4C}.Debug|ARM.Build.0 = Debug|ARM
		{598DD22F-E64F-4062-A197-9A642B520D4C}.Debug|ARM.Deploy.0 = Debug|ARM
		{598DD22F-E64F-4062-A197-9A642B520D4C}.Debug|iPhone.ActiveCfg = Debug|x86
		{598DD22F-E64F-4062-A197-9A642B520D4C}.Debug|iPhoneSimulator.ActiveCfg = Debug|x86
		{598DD22F-E64F-4062-A197-9A642B520D4C}.Debug|x64.ActiveCfg = Debug|x64
		{598DD22F-E64F-4062-A197-9A642B520D4C}.Debug|x64.Build.0 = Debug|x64
		{598DD22F-E64F-4062-A197-9A642B520D4C}.Debug|x64.Deploy.0 = Debug|x64
		{598DD22F-E64F-4062-A197-9A642B520D4C}.Debug|x86.ActiveCfg = Debug|x86
		{598DD22F-E64F-4062-A197-9A642B520D4C}.Debug|x86.Build.0 = Debug|x86
		{598DD22F-E64F-4062-A197-9A642B520D4C}.Debug|x86.Deploy.0 = Debug|x86
		{598DD22F-E64F-4062-A197-9A642B520D4C}.Release|Any CPU.ActiveCfg = Release|x86
		{598DD22F-E64F-4062-A197-9A642B520D4C}.Release|ARM.ActiveCfg = Release|ARM
		{598DD22F-E64F-4062-A197-9A642B520D4C}.Release|ARM.Build.0 = Release|ARM
		{598DD22F-E64F-4062-A197-9A642B520D4C}.Release|ARM.Deploy.0 = Release|ARM
		{598DD22F-E64F-4062-A197-9A642B520D4C}.Release|iPhone.ActiveCfg = Release|x86
		{598DD22F-E64F-4062-A197-9A642B520D4C}.Release|iPhoneSimulator.ActiveCfg = Release|x86
		{598DD22F-E64F-4062-A197-9A642B520D4C}.Release|x64.ActiveCfg = Release|x64
		{598DD22F-E64F-4062-A197-9A642B520D4C}.Release|x64.Build.0 = Release|x64
		{598DD22F-E64F-4062-A197-9A642B520D4C}.Release|x64.Deploy.0 = Release|x64
		{598DD22F-E64F-4062-A197-9A642B520D4C}.Release|x86.ActiveCfg = Release|x86
		{598DD22F-E64F-4062-A197-9A642B520D4C}.Release|x86.Build.0 = Release|x86
		{598DD22F-E64F-4062-A197-9A642B520D4C}.Release|x86.Deploy.0 = Release|x86
		{957BA1AE-70E3-4851-A1BF-63B2CDC080CF}.Ad-Hoc|Any CPU.ActiveCfg = Release|Any CPU
		{957BA1AE-70E3-4851-A1BF-63B2CDC080CF}.Ad-Hoc|Any CPU.Build.0 = Release|Any CPU
		{957BA1AE-70E3-4851-A1BF-63B2CDC080CF}.Ad-Hoc|Any CPU.Deploy.0 = Release|Any CPU
		{957BA1AE-70E3-4851-A1BF-63B2CDC080CF}.Ad-Hoc|ARM.ActiveCfg = Release|ARM
		{957BA1AE-70E3-4851-A1BF-63B2CDC080CF}.Ad-Hoc|ARM.Build.0 = Release|ARM
		{957BA1AE-70E3-4851-A1BF-63B2CDC080CF}.Ad-Hoc|ARM.Deploy.0 = Release|ARM
		{957BA1AE-70E3-4851-A1BF-63B2CDC080CF}.Ad-Hoc|iPhone.ActiveCfg = Release|Any CPU
		{957BA1AE-70E3-4851-A1BF-63B2CDC080CF}.Ad-Hoc|iPhone.Build.0 = Release|Any CPU
		{957BA1AE-70E3-4851-A1BF-63B2CDC080CF}.Ad-Hoc|iPhone.Deploy.0 = Release|Any CPU
		{957BA1AE-70E3-4851-A1BF-63B2CDC080CF}.Ad-Hoc|iPhoneSimulator.ActiveCfg = Release|Any CPU
		{957BA1AE-70E3-4851-A1BF-63B2CDC080CF}.Ad-Hoc|iPhoneSimulator.Build.0 = Release|Any CPU
		{957BA1AE-70E3-4851-A1BF-63B2CDC080CF}.Ad-Hoc|iPhoneSimulator.Deploy.0 = Release|Any CPU
		{957BA1AE-70E3-4851-A1BF-63B2CDC080CF}.Ad-Hoc|x64.ActiveCfg = Release|x64
		{957BA1AE-70E3-4851-A1BF-63B2CDC080CF}.Ad-Hoc|x64.Build.0 = Release|x64
		{957BA1AE-70E3-4851-A1BF-63B2CDC080CF}.Ad-Hoc|x64.Deploy.0 = Release|x64
		{957BA1AE-70E3-4851-A1BF-63B2CDC080CF}.Ad-Hoc|x86.ActiveCfg = Release|x86
		{957BA1AE-70E3-4851-A1BF-63B2CDC080CF}.Ad-Hoc|x86.Build.0 = Release|x86
		{957BA1AE-70E3-4851-A1BF-63B2CDC080CF}.Ad-Hoc|x86.Deploy.0 = Release|x86
		{957BA1AE-70E3-4851-A1BF-63B2CDC080CF}.AppStore|Any CPU.ActiveCfg = Release|Any CPU
		{957BA1AE-70E3-4851-A1BF-63B2CDC080CF}.AppStore|Any CPU.Build.0 = Release|Any CPU
		{957BA1AE-70E3-4851-A1BF-63B2CDC080CF}.AppStore|Any CPU.Deploy.0 = Release|Any CPU
		{957BA1AE-70E3-4851-A1BF-63B2CDC080CF}.AppStore|ARM.ActiveCfg = Release|ARM
		{957BA1AE-70E3-4851-A1BF-63B2CDC080CF}.AppStore|ARM.Build.0 = Release|ARM
		{957BA1AE-70E3-4851-A1BF-63B2CDC080CF}.AppStore|ARM.Deploy.0 = Release|ARM
		{957BA1AE-70E3-4851-A1BF-63B2CDC080CF}.AppStore|iPhone.ActiveCfg = Release|Any CPU
		{957BA1AE-70E3-4851-A1BF-63B2CDC080CF}.AppStore|iPhone.Build.0 = Release|Any CPU
		{957BA1AE-70E3-4851-A1BF-63B2CDC080CF}.AppStore|iPhone.Deploy.0 = Release|Any CPU
		{957BA1AE-70E3-4851-A1BF-63B2CDC080CF}.AppStore|iPhoneSimulator.ActiveCfg = Release|Any CPU
		{957BA1AE-70E3-4851-A1BF-63B2CDC080CF}.AppStore|iPhoneSimulator.Build.0 = Release|Any CPU
		{957BA1AE-70E3-4851-A1BF-63B2CDC080CF}.AppStore|iPhoneSimulator.Deploy.0 = Release|Any CPU
		{957BA1AE-70E3-4851-A1BF-63B2CDC080CF}.AppStore|x64.ActiveCfg = Release|x64
		{957BA1AE-70E3-4851-A1BF-63B2CDC080CF}.AppStore|x64.Build.0 = Release|x64
		{957BA1AE-70E3-4851-A1BF-63B2CDC080CF}.AppStore|x64.Deploy.0 = Release|x64
		{957BA1AE-70E3-4851-A1BF-63B2CDC080CF}.AppStore|x86.ActiveCfg = Release|x86
		{957BA1AE-70E3-4851-A1BF-63B2CDC080CF}.AppStore|x86.Build.0 = Release|x86
		{957BA1AE-70E3-4851-A1BF-63B2CDC080CF}.AppStore|x86.Deploy.0 = Release|x86
		{957BA1AE-70E3-4851-A1BF-63B2CDC080CF}.Debug|Any CPU.ActiveCfg = Debug|Any CPU
		{957BA1AE-70E3-4851-A1BF-63B2CDC080CF}.Debug|Any CPU.Build.0 = Debug|Any CPU
		{957BA1AE-70E3-4851-A1BF-63B2CDC080CF}.Debug|Any CPU.Deploy.0 = Debug|Any CPU
		{957BA1AE-70E3-4851-A1BF-63B2CDC080CF}.Debug|ARM.ActiveCfg = Debug|ARM
		{957BA1AE-70E3-4851-A1BF-63B2CDC080CF}.Debug|ARM.Build.0 = Debug|ARM
		{957BA1AE-70E3-4851-A1BF-63B2CDC080CF}.Debug|ARM.Deploy.0 = Debug|ARM
		{957BA1AE-70E3-4851-A1BF-63B2CDC080CF}.Debug|iPhone.ActiveCfg = Debug|Any CPU
		{957BA1AE-70E3-4851-A1BF-63B2CDC080CF}.Debug|iPhone.Build.0 = Debug|Any CPU
		{957BA1AE-70E3-4851-A1BF-63B2CDC080CF}.Debug|iPhone.Deploy.0 = Debug|Any CPU
		{957BA1AE-70E3-4851-A1BF-63B2CDC080CF}.Debug|iPhoneSimulator.ActiveCfg = Debug|Any CPU
		{957BA1AE-70E3-4851-A1BF-63B2CDC080CF}.Debug|iPhoneSimulator.Build.0 = Debug|Any CPU
		{957BA1AE-70E3-4851-A1BF-63B2CDC080CF}.Debug|iPhoneSimulator.Deploy.0 = Debug|Any CPU
		{957BA1AE-70E3-4851-A1BF-63B2CDC080CF}.Debug|x64.ActiveCfg = Debug|x64
		{957BA1AE-70E3-4851-A1BF-63B2CDC080CF}.Debug|x64.Build.0 = Debug|x64
		{957BA1AE-70E3-4851-A1BF-63B2CDC080CF}.Debug|x64.Deploy.0 = Debug|x64
		{957BA1AE-70E3-4851-A1BF-63B2CDC080CF}.Debug|x86.ActiveCfg = Debug|x86
		{957BA1AE-70E3-4851-A1BF-63B2CDC080CF}.Debug|x86.Build.0 = Debug|x86
		{957BA1AE-70E3-4851-A1BF-63B2CDC080CF}.Debug|x86.Deploy.0 = Debug|x86
		{957BA1AE-70E3-4851-A1BF-63B2CDC080CF}.Release|Any CPU.ActiveCfg = Release|Any CPU
		{957BA1AE-70E3-4851-A1BF-63B2CDC080CF}.Release|Any CPU.Build.0 = Release|Any CPU
		{957BA1AE-70E3-4851-A1BF-63B2CDC080CF}.Release|Any CPU.Deploy.0 = Release|Any CPU
		{957BA1AE-70E3-4851-A1BF-63B2CDC080CF}.Release|ARM.ActiveCfg = Release|ARM
		{957BA1AE-70E3-4851-A1BF-63B2CDC080CF}.Release|ARM.Build.0 = Release|ARM
		{957BA1AE-70E3-4851-A1BF-63B2CDC080CF}.Release|ARM.Deploy.0 = Release|ARM
		{957BA1AE-70E3-4851-A1BF-63B2CDC080CF}.Release|iPhone.ActiveCfg = Release|Any CPU
		{957BA1AE-70E3-4851-A1BF-63B2CDC080CF}.Release|iPhone.Build.0 = Release|Any CPU
		{957BA1AE-70E3-4851-A1BF-63B2CDC080CF}.Release|iPhone.Deploy.0 = Release|Any CPU
		{957BA1AE-70E3-4851-A1BF-63B2CDC080CF}.Release|iPhoneSimulator.ActiveCfg = Release|Any CPU
		{957BA1AE-70E3-4851-A1BF-63B2CDC080CF}.Release|iPhoneSimulator.Build.0 = Release|Any CPU
		{957BA1AE-70E3-4851-A1BF-63B2CDC080CF}.Release|iPhoneSimulator.Deploy.0 = Release|Any CPU
		{957BA1AE-70E3-4851-A1BF-63B2CDC080CF}.Release|x64.ActiveCfg = Release|x64
		{957BA1AE-70E3-4851-A1BF-63B2CDC080CF}.Release|x64.Build.0 = Release|x64
		{957BA1AE-70E3-4851-A1BF-63B2CDC080CF}.Release|x64.Deploy.0 = Release|x64
		{957BA1AE-70E3-4851-A1BF-63B2CDC080CF}.Release|x86.ActiveCfg = Release|x86
		{957BA1AE-70E3-4851-A1BF-63B2CDC080CF}.Release|x86.Build.0 = Release|x86
		{957BA1AE-70E3-4851-A1BF-63B2CDC080CF}.Release|x86.Deploy.0 = Release|x86
	EndGlobalSection
	GlobalSection(SolutionProperties) = preSolution
		HideSolutionNode = FALSE
	EndGlobalSection
EndGlobal
